
Microsoft Visual Studio Solution File, Format Version 12.00
Project("{FAE04EC0-301F-11D3-BF4B-00C04F79EFBC}") = "learn_to_see_sharp", "learn_to_see_sharp\learn_to_see_sharp.csproj", "{36DD9961-4D48-45CB-98A0-6CD336EA614C}"
EndProject
Global
	GlobalSection(SolutionConfigurationPlatforms) = preSolution
		Debug|Any CPU = Debug|Any CPU
		Release|Any CPU = Release|Any CPU
	EndGlobalSection
	GlobalSection(ProjectConfigurationPlatforms) = postSolution
		{36DD9961-4D48-45CB-98A0-6CD336EA614C}.Debug|Any CPU.ActiveCfg = Debug|Any CPU
		{36DD9961-4D48-45CB-98A0-6CD336EA614C}.Debug|Any CPU.Build.0 = Debug|Any CPU
		{36DD9961-4D48-45CB-98A0-6CD336EA614C}.Release|Any CPU.ActiveCfg = Release|Any CPU
		{36DD9961-4D48-45CB-98A0-6CD336EA614C}.Release|Any CPU.Build.0 = Release|Any CPU
	EndGlobalSection
EndGlobal
